// !$*UTF8*$!
{
	archiveVersion = 1;
	classes = {
	};
	objectVersion = 55;
	objects = {

/* Begin PBXBuildFile section */
		82555DBD2BC0A42A0060D7A7 /* ImageHelper.swift in Sources */ = {isa = PBXBuildFile; fileRef = 82555DBC2BC0A42A0060D7A7 /* ImageHelper.swift */; };
		82555DBF2BC0A5720060D7A7 /* CardUI.swift in Sources */ = {isa = PBXBuildFile; fileRef = 82555DBE2BC0A5720060D7A7 /* CardUI.swift */; };
		82555DC12BC0A6BC0060D7A7 /* ImageExtension.swift in Sources */ = {isa = PBXBuildFile; fileRef = 82555DC02BC0A6BC0060D7A7 /* ImageExtension.swift */; };
		82901FE92BC0403F00C8724C /* GameCardView.swift in Sources */ = {isa = PBXBuildFile; fileRef = 82901FE82BC0403F00C8724C /* GameCardView.swift */; };
		82CBFCF82BBD9D0A00200E5B /* Tests_iOS.swift in Sources */ = {isa = PBXBuildFile; fileRef = 82CBFCF72BBD9D0A00200E5B /* Tests_iOS.swift */; };
		82CBFCFA2BBD9D0A00200E5B /* Tests_iOSLaunchTests.swift in Sources */ = {isa = PBXBuildFile; fileRef = 82CBFCF92BBD9D0A00200E5B /* Tests_iOSLaunchTests.swift */; };
		82CBFD072BBD9D0A00200E5B /* hearthstoneCardsApp.swift in Sources */ = {isa = PBXBuildFile; fileRef = 82CBFCDF2BBD9D0700200E5B /* hearthstoneCardsApp.swift */; };
		82CBFD092BBD9D0A00200E5B /* CardsListView.swift in Sources */ = {isa = PBXBuildFile; fileRef = 82CBFCE02BBD9D0700200E5B /* CardsListView.swift */; };
		82CBFD0B2BBD9D0A00200E5B /* Assets.xcassets in Resources */ = {isa = PBXBuildFile; fileRef = 82CBFCE12BBD9D0900200E5B /* Assets.xcassets */; };
		82CBFD202BBDA98300200E5B /* Card.swift in Sources */ = {isa = PBXBuildFile; fileRef = 82CBFD1F2BBDA98300200E5B /* Card.swift */; };
		82CBFD252BBDADF400200E5B /* CardsListInteractor.swift in Sources */ = {isa = PBXBuildFile; fileRef = 82CBFD242BBDADF400200E5B /* CardsListInteractor.swift */; };
		82CBFD272BBDB08100200E5B /* CardsListPresenter.swift in Sources */ = {isa = PBXBuildFile; fileRef = 82CBFD262BBDB08100200E5B /* CardsListPresenter.swift */; };
		82CBFD2A2BBDB0F400200E5B /* HeartsthoneRapidService.swift in Sources */ = {isa = PBXBuildFile; fileRef = 82CBFD292BBDB0F400200E5B /* HeartsthoneRapidService.swift */; };
		82CBFD2D2BBDB1AF00200E5B /* Alamofire in Frameworks */ = {isa = PBXBuildFile; productRef = 82CBFD2C2BBDB1AF00200E5B /* Alamofire */; };
		82CBFD302BBDB2CF00200E5B /* PromiseKit in Frameworks */ = {isa = PBXBuildFile; productRef = 82CBFD2F2BBDB2CF00200E5B /* PromiseKit */; };
		82CBFD322BBDB31200200E5B /* CardsListService.swift in Sources */ = {isa = PBXBuildFile; fileRef = 82CBFD312BBDB31200200E5B /* CardsListService.swift */; };
		82CBFD352BBDB3AF00200E5B /* UrlConstant.swift in Sources */ = {isa = PBXBuildFile; fileRef = 82CBFD342BBDB3AF00200E5B /* UrlConstant.swift */; };
		82CBFD392BBDB91400200E5B /* SingleCardInteractor.swift in Sources */ = {isa = PBXBuildFile; fileRef = 82CBFD382BBDB91400200E5B /* SingleCardInteractor.swift */; };
		82CBFD3B2BBDB95E00200E5B /* SingleCardPresenter.swift in Sources */ = {isa = PBXBuildFile; fileRef = 82CBFD3A2BBDB95E00200E5B /* SingleCardPresenter.swift */; };
/* End PBXBuildFile section */

/* Begin PBXContainerItemProxy section */
		82CBFCF42BBD9D0900200E5B /* PBXContainerItemProxy */ = {
			isa = PBXContainerItemProxy;
			containerPortal = 82CBFCDA2BBD9D0600200E5B /* Project object */;
			proxyType = 1;
			remoteGlobalIDString = 82CBFCE52BBD9D0900200E5B;
			remoteInfo = "hearthstoneCards (iOS)";
		};
/* End PBXContainerItemProxy section */

/* Begin PBXFileReference section */
		82555DBC2BC0A42A0060D7A7 /* ImageHelper.swift */ = {isa = PBXFileReference; lastKnownFileType = sourcecode.swift; path = ImageHelper.swift; sourceTree = "<group>"; };
		82555DBE2BC0A5720060D7A7 /* CardUI.swift */ = {isa = PBXFileReference; lastKnownFileType = sourcecode.swift; path = CardUI.swift; sourceTree = "<group>"; };
		82555DC02BC0A6BC0060D7A7 /* ImageExtension.swift */ = {isa = PBXFileReference; lastKnownFileType = sourcecode.swift; path = ImageExtension.swift; sourceTree = "<group>"; };
		82901FE82BC0403F00C8724C /* GameCardView.swift */ = {isa = PBXFileReference; lastKnownFileType = sourcecode.swift; path = GameCardView.swift; sourceTree = "<group>"; };
		82CBFCDF2BBD9D0700200E5B /* hearthstoneCardsApp.swift */ = {isa = PBXFileReference; lastKnownFileType = sourcecode.swift; path = hearthstoneCardsApp.swift; sourceTree = "<group>"; };
		82CBFCE02BBD9D0700200E5B /* CardsListView.swift */ = {isa = PBXFileReference; lastKnownFileType = sourcecode.swift; path = CardsListView.swift; sourceTree = "<group>"; };
		82CBFCE12BBD9D0900200E5B /* Assets.xcassets */ = {isa = PBXFileReference; lastKnownFileType = folder.assetcatalog; path = Assets.xcassets; sourceTree = "<group>"; };
		82CBFCE62BBD9D0900200E5B /* hearthstoneCards.app */ = {isa = PBXFileReference; explicitFileType = wrapper.application; includeInIndex = 0; path = hearthstoneCards.app; sourceTree = BUILT_PRODUCTS_DIR; };
		82CBFCF32BBD9D0900200E5B /* Tests iOS.xctest */ = {isa = PBXFileReference; explicitFileType = wrapper.cfbundle; includeInIndex = 0; path = "Tests iOS.xctest"; sourceTree = BUILT_PRODUCTS_DIR; };
		82CBFCF72BBD9D0A00200E5B /* Tests_iOS.swift */ = {isa = PBXFileReference; lastKnownFileType = sourcecode.swift; path = Tests_iOS.swift; sourceTree = "<group>"; };
		82CBFCF92BBD9D0A00200E5B /* Tests_iOSLaunchTests.swift */ = {isa = PBXFileReference; lastKnownFileType = sourcecode.swift; path = Tests_iOSLaunchTests.swift; sourceTree = "<group>"; };
		82CBFD1F2BBDA98300200E5B /* Card.swift */ = {isa = PBXFileReference; lastKnownFileType = sourcecode.swift; path = Card.swift; sourceTree = "<group>"; };
		82CBFD242BBDADF400200E5B /* CardsListInteractor.swift */ = {isa = PBXFileReference; lastKnownFileType = sourcecode.swift; path = CardsListInteractor.swift; sourceTree = "<group>"; };
		82CBFD262BBDB08100200E5B /* CardsListPresenter.swift */ = {isa = PBXFileReference; lastKnownFileType = sourcecode.swift; path = CardsListPresenter.swift; sourceTree = "<group>"; };
		82CBFD292BBDB0F400200E5B /* HeartsthoneRapidService.swift */ = {isa = PBXFileReference; lastKnownFileType = sourcecode.swift; path = HeartsthoneRapidService.swift; sourceTree = "<group>"; };
		82CBFD312BBDB31200200E5B /* CardsListService.swift */ = {isa = PBXFileReference; lastKnownFileType = sourcecode.swift; path = CardsListService.swift; sourceTree = "<group>"; };
		82CBFD342BBDB3AF00200E5B /* UrlConstant.swift */ = {isa = PBXFileReference; lastKnownFileType = sourcecode.swift; path = UrlConstant.swift; sourceTree = "<group>"; };
		82CBFD382BBDB91400200E5B /* SingleCardInteractor.swift */ = {isa = PBXFileReference; lastKnownFileType = sourcecode.swift; path = SingleCardInteractor.swift; sourceTree = "<group>"; };
		82CBFD3A2BBDB95E00200E5B /* SingleCardPresenter.swift */ = {isa = PBXFileReference; lastKnownFileType = sourcecode.swift; path = SingleCardPresenter.swift; sourceTree = "<group>"; };
/* End PBXFileReference section */

/* Begin PBXFrameworksBuildPhase section */
		82CBFCE32BBD9D0900200E5B /* Frameworks */ = {
			isa = PBXFrameworksBuildPhase;
			buildActionMask = 2147483647;
			files = (
				82CBFD2D2BBDB1AF00200E5B /* Alamofire in Frameworks */,
				82CBFD302BBDB2CF00200E5B /* PromiseKit in Frameworks */,
			);
			runOnlyForDeploymentPostprocessing = 0;
		};
		82CBFCF02BBD9D0900200E5B /* Frameworks */ = {
			isa = PBXFrameworksBuildPhase;
			buildActionMask = 2147483647;
			files = (
			);
			runOnlyForDeploymentPostprocessing = 0;
		};
/* End PBXFrameworksBuildPhase section */

/* Begin PBXGroup section */
		82901FEC2BC04BB400C8724C /* View */ = {
			isa = PBXGroup;
			children = (
				82CBFCE02BBD9D0700200E5B /* CardsListView.swift */,
				82901FE82BC0403F00C8724C /* GameCardView.swift */,
			);
			path = View;
			sourceTree = "<group>";
		};
		82901FED2BC04BC400C8724C /* Util */ = {
			isa = PBXGroup;
			children = (
				82555DBC2BC0A42A0060D7A7 /* ImageHelper.swift */,
				82555DC02BC0A6BC0060D7A7 /* ImageExtension.swift */,
			);
			path = Util;
			sourceTree = "<group>";
		};
		82901FEE2BC04BC900C8724C /* Support Files */ = {
			isa = PBXGroup;
			children = (
				82CBFCE12BBD9D0900200E5B /* Assets.xcassets */,
			);
			path = "Support Files";
			sourceTree = "<group>";
		};
		82CBFCD92BBD9D0600200E5B = {
			isa = PBXGroup;
			children = (
				82CBFCDE2BBD9D0600200E5B /* src */,
				82CBFD1B2BBDA7D200200E5B /* Domain */,
				82CBFCF62BBD9D0900200E5B /* Tests iOS */,
				82CBFCE72BBD9D0900200E5B /* Products */,
			);
			sourceTree = "<group>";
		};
		82CBFCDE2BBD9D0600200E5B /* src */ = {
			isa = PBXGroup;
			children = (
				82CBFCDF2BBD9D0700200E5B /* hearthstoneCardsApp.swift */,
				82901FEE2BC04BC900C8724C /* Support Files */,
				82901FED2BC04BC400C8724C /* Util */,
				82901FEC2BC04BB400C8724C /* View */,
			);
			path = src;
			sourceTree = "<group>";
		};
		82CBFCE72BBD9D0900200E5B /* Products */ = {
			isa = PBXGroup;
			children = (
				82CBFCE62BBD9D0900200E5B /* hearthstoneCards.app */,
				82CBFCF32BBD9D0900200E5B /* Tests iOS.xctest */,
			);
			name = Products;
			sourceTree = "<group>";
		};
		82CBFCF62BBD9D0900200E5B /* Tests iOS */ = {
			isa = PBXGroup;
			children = (
				82CBFCF72BBD9D0A00200E5B /* Tests_iOS.swift */,
				82CBFCF92BBD9D0A00200E5B /* Tests_iOSLaunchTests.swift */,
			);
			path = "Tests iOS";
			sourceTree = "<group>";
		};
		82CBFD1B2BBDA7D200200E5B /* Domain */ = {
			isa = PBXGroup;
			children = (
				82CBFD332BBDB3A500200E5B /* Config */,
				82CBFD282BBDB0E000200E5B /* Service */,
				82CBFD1E2BBDA81700200E5B /* Scenes */,
				82CBFD1C2BBDA7F300200E5B /* Models */,
			);
			path = Domain;
			sourceTree = "<group>";
		};
		82CBFD1C2BBDA7F300200E5B /* Models */ = {
			isa = PBXGroup;
			children = (
				82CBFD1F2BBDA98300200E5B /* Card.swift */,
				82555DBE2BC0A5720060D7A7 /* CardUI.swift */,
			);
			path = Models;
			sourceTree = "<group>";
		};
		82CBFD1E2BBDA81700200E5B /* Scenes */ = {
			isa = PBXGroup;
			children = (
				82CBFD232BBDADCC00200E5B /* CardsListScene */,
				82CBFD372BBDB8FA00200E5B /* SingleCardScene */,
			);
			path = Scenes;
			sourceTree = "<group>";
		};
		82CBFD232BBDADCC00200E5B /* CardsListScene */ = {
			isa = PBXGroup;
			children = (
				82CBFD242BBDADF400200E5B /* CardsListInteractor.swift */,
				82CBFD262BBDB08100200E5B /* CardsListPresenter.swift */,
			);
			path = CardsListScene;
			sourceTree = "<group>";
		};
		82CBFD282BBDB0E000200E5B /* Service */ = {
			isa = PBXGroup;
			children = (
				82CBFD292BBDB0F400200E5B /* HeartsthoneRapidService.swift */,
				82CBFD312BBDB31200200E5B /* CardsListService.swift */,
			);
			path = Service;
			sourceTree = "<group>";
		};
		82CBFD332BBDB3A500200E5B /* Config */ = {
			isa = PBXGroup;
			children = (
				82CBFD342BBDB3AF00200E5B /* UrlConstant.swift */,
			);
			path = Config;
			sourceTree = "<group>";
		};
		82CBFD372BBDB8FA00200E5B /* SingleCardScene */ = {
			isa = PBXGroup;
			children = (
				82CBFD382BBDB91400200E5B /* SingleCardInteractor.swift */,
				82CBFD3A2BBDB95E00200E5B /* SingleCardPresenter.swift */,
			);
			path = SingleCardScene;
			sourceTree = "<group>";
		};
/* End PBXGroup section */

/* Begin PBXNativeTarget section */
		82CBFCE52BBD9D0900200E5B /* hearthstoneCards (iOS) */ = {
			isa = PBXNativeTarget;
			buildConfigurationList = 82CBFD0F2BBD9D0A00200E5B /* Build configuration list for PBXNativeTarget "hearthstoneCards (iOS)" */;
			buildPhases = (
				82CBFCE22BBD9D0900200E5B /* Sources */,
				82CBFCE32BBD9D0900200E5B /* Frameworks */,
				82CBFCE42BBD9D0900200E5B /* Resources */,
			);
			buildRules = (
			);
			dependencies = (
			);
			name = "hearthstoneCards (iOS)";
			packageProductDependencies = (
				82CBFD2C2BBDB1AF00200E5B /* Alamofire */,
				82CBFD2F2BBDB2CF00200E5B /* PromiseKit */,
			);
			productName = "hearthstoneCards (iOS)";
			productReference = 82CBFCE62BBD9D0900200E5B /* hearthstoneCards.app */;
			productType = "com.apple.product-type.application";
		};
		82CBFCF22BBD9D0900200E5B /* Tests iOS */ = {
			isa = PBXNativeTarget;
			buildConfigurationList = 82CBFD152BBD9D0A00200E5B /* Build configuration list for PBXNativeTarget "Tests iOS" */;
			buildPhases = (
				82CBFCEF2BBD9D0900200E5B /* Sources */,
				82CBFCF02BBD9D0900200E5B /* Frameworks */,
				82CBFCF12BBD9D0900200E5B /* Resources */,
			);
			buildRules = (
			);
			dependencies = (
				82CBFCF52BBD9D0900200E5B /* PBXTargetDependency */,
			);
			name = "Tests iOS";
			productName = "Tests iOS";
			productReference = 82CBFCF32BBD9D0900200E5B /* Tests iOS.xctest */;
			productType = "com.apple.product-type.bundle.ui-testing";
		};
/* End PBXNativeTarget section */

/* Begin PBXProject section */
		82CBFCDA2BBD9D0600200E5B /* Project object */ = {
			isa = PBXProject;
			attributes = {
				BuildIndependentTargetsInParallel = 1;
				LastSwiftUpdateCheck = 1320;
				LastUpgradeCheck = 1320;
				TargetAttributes = {
					82CBFCE52BBD9D0900200E5B = {
						CreatedOnToolsVersion = 13.2.1;
					};
					82CBFCF22BBD9D0900200E5B = {
						CreatedOnToolsVersion = 13.2.1;
						TestTargetID = 82CBFCE52BBD9D0900200E5B;
					};
				};
			};
			buildConfigurationList = 82CBFCDD2BBD9D0600200E5B /* Build configuration list for PBXProject "hearthstoneCards" */;
			compatibilityVersion = "Xcode 13.0";
			developmentRegion = en;
			hasScannedForEncodings = 0;
			knownRegions = (
				en,
				Base,
			);
			mainGroup = 82CBFCD92BBD9D0600200E5B;
			packageReferences = (
				82CBFD2B2BBDB1AF00200E5B /* XCRemoteSwiftPackageReference "Alamofire" */,
				82CBFD2E2BBDB2CF00200E5B /* XCRemoteSwiftPackageReference "PromiseKit" */,
			);
			productRefGroup = 82CBFCE72BBD9D0900200E5B /* Products */;
			projectDirPath = "";
			projectRoot = "";
			targets = (
				82CBFCE52BBD9D0900200E5B /* hearthstoneCards (iOS) */,
				82CBFCF22BBD9D0900200E5B /* Tests iOS */,
			);
		};
/* End PBXProject section */

/* Begin PBXResourcesBuildPhase section */
		82CBFCE42BBD9D0900200E5B /* Resources */ = {
			isa = PBXResourcesBuildPhase;
			buildActionMask = 2147483647;
			files = (
				82CBFD0B2BBD9D0A00200E5B /* Assets.xcassets in Resources */,
			);
			runOnlyForDeploymentPostprocessing = 0;
		};
		82CBFCF12BBD9D0900200E5B /* Resources */ = {
			isa = PBXResourcesBuildPhase;
			buildActionMask = 2147483647;
			files = (
			);
			runOnlyForDeploymentPostprocessing = 0;
		};
/* End PBXResourcesBuildPhase section */

/* Begin PBXSourcesBuildPhase section */
		82CBFCE22BBD9D0900200E5B /* Sources */ = {
			isa = PBXSourcesBuildPhase;
			buildActionMask = 2147483647;
			files = (
				82CBFD392BBDB91400200E5B /* SingleCardInteractor.swift in Sources */,
				82CBFD092BBD9D0A00200E5B /* CardsListView.swift in Sources */,
				82CBFD352BBDB3AF00200E5B /* UrlConstant.swift in Sources */,
				82901FE92BC0403F00C8724C /* GameCardView.swift in Sources */,
				82CBFD2A2BBDB0F400200E5B /* HeartsthoneRapidService.swift in Sources */,
				82CBFD322BBDB31200200E5B /* CardsListService.swift in Sources */,
				82CBFD202BBDA98300200E5B /* Card.swift in Sources */,
				82CBFD252BBDADF400200E5B /* CardsListInteractor.swift in Sources */,
				82555DBD2BC0A42A0060D7A7 /* ImageHelper.swift in Sources */,
				82555DBF2BC0A5720060D7A7 /* CardUI.swift in Sources */,
				82CBFD272BBDB08100200E5B /* CardsListPresenter.swift in Sources */,
				82CBFD072BBD9D0A00200E5B /* hearthstoneCardsApp.swift in Sources */,
				82CBFD3B2BBDB95E00200E5B /* SingleCardPresenter.swift in Sources */,
				82555DC12BC0A6BC0060D7A7 /* ImageExtension.swift in Sources */,
			);
			runOnlyForDeploymentPostprocessing = 0;
		};
		82CBFCEF2BBD9D0900200E5B /* Sources */ = {
			isa = PBXSourcesBuildPhase;
			buildActionMask = 2147483647;
			files = (
				82CBFCFA2BBD9D0A00200E5B /* Tests_iOSLaunchTests.swift in Sources */,
				82CBFCF82BBD9D0A00200E5B /* Tests_iOS.swift in Sources */,
			);
			runOnlyForDeploymentPostprocessing = 0;
		};
/* End PBXSourcesBuildPhase section */

/* Begin PBXTargetDependency section */
		82CBFCF52BBD9D0900200E5B /* PBXTargetDependency */ = {
			isa = PBXTargetDependency;
			target = 82CBFCE52BBD9D0900200E5B /* hearthstoneCards (iOS) */;
			targetProxy = 82CBFCF42BBD9D0900200E5B /* PBXContainerItemProxy */;
		};
/* End PBXTargetDependency section */

/* Begin XCBuildConfiguration section */
		82CBFD0D2BBD9D0A00200E5B /* Debug */ = {
			isa = XCBuildConfiguration;
			buildSettings = {
				ALWAYS_SEARCH_USER_PATHS = NO;
				CLANG_ANALYZER_NONNULL = YES;
				CLANG_ANALYZER_NUMBER_OBJECT_CONVERSION = YES_AGGRESSIVE;
				CLANG_CXX_LANGUAGE_STANDARD = "gnu++17";
				CLANG_CXX_LIBRARY = "libc++";
				CLANG_ENABLE_MODULES = YES;
				CLANG_ENABLE_OBJC_ARC = YES;
				CLANG_ENABLE_OBJC_WEAK = YES;
				CLANG_WARN_BLOCK_CAPTURE_AUTORELEASING = YES;
				CLANG_WARN_BOOL_CONVERSION = YES;
				CLANG_WARN_COMMA = YES;
				CLANG_WARN_CONSTANT_CONVERSION = YES;
				CLANG_WARN_DEPRECATED_OBJC_IMPLEMENTATIONS = YES;
				CLANG_WARN_DIRECT_OBJC_ISA_USAGE = YES_ERROR;
				CLANG_WARN_DOCUMENTATION_COMMENTS = YES;
				CLANG_WARN_EMPTY_BODY = YES;
				CLANG_WARN_ENUM_CONVERSION = YES;
				CLANG_WARN_INFINITE_RECURSION = YES;
				CLANG_WARN_INT_CONVERSION = YES;
				CLANG_WARN_NON_LITERAL_NULL_CONVERSION = YES;
				CLANG_WARN_OBJC_IMPLICIT_RETAIN_SELF = YES;
				CLANG_WARN_OBJC_LITERAL_CONVERSION = YES;
				CLANG_WARN_OBJC_ROOT_CLASS = YES_ERROR;
				CLANG_WARN_QUOTED_INCLUDE_IN_FRAMEWORK_HEADER = YES;
				CLANG_WARN_RANGE_LOOP_ANALYSIS = YES;
				CLANG_WARN_STRICT_PROTOTYPES = YES;
				CLANG_WARN_SUSPICIOUS_MOVE = YES;
				CLANG_WARN_UNGUARDED_AVAILABILITY = YES_AGGRESSIVE;
				CLANG_WARN_UNREACHABLE_CODE = YES;
				CLANG_WARN__DUPLICATE_METHOD_MATCH = YES;
				COPY_PHASE_STRIP = NO;
				DEBUG_INFORMATION_FORMAT = dwarf;
				ENABLE_STRICT_OBJC_MSGSEND = YES;
				ENABLE_TESTABILITY = YES;
				GCC_C_LANGUAGE_STANDARD = gnu11;
				GCC_DYNAMIC_NO_PIC = NO;
				GCC_NO_COMMON_BLOCKS = YES;
				GCC_OPTIMIZATION_LEVEL = 0;
				GCC_PREPROCESSOR_DEFINITIONS = (
					"DEBUG=1",
					"$(inherited)",
				);
				GCC_WARN_64_TO_32_BIT_CONVERSION = YES;
				GCC_WARN_ABOUT_RETURN_TYPE = YES_ERROR;
				GCC_WARN_UNDECLARED_SELECTOR = YES;
				GCC_WARN_UNINITIALIZED_AUTOS = YES_AGGRESSIVE;
				GCC_WARN_UNUSED_FUNCTION = YES;
				GCC_WARN_UNUSED_VARIABLE = YES;
				IPHONEOS_DEPLOYMENT_TARGET = 13.0;
				MTL_ENABLE_DEBUG_INFO = INCLUDE_SOURCE;
				MTL_FAST_MATH = YES;
				ONLY_ACTIVE_ARCH = YES;
				SWIFT_ACTIVE_COMPILATION_CONDITIONS = DEBUG;
				SWIFT_OPTIMIZATION_LEVEL = "-Onone";
			};
			name = Debug;
		};
		82CBFD0E2BBD9D0A00200E5B /* Release */ = {
			isa = XCBuildConfiguration;
			buildSettings = {
				ALWAYS_SEARCH_USER_PATHS = NO;
				CLANG_ANALYZER_NONNULL = YES;
				CLANG_ANALYZER_NUMBER_OBJECT_CONVERSION = YES_AGGRESSIVE;
				CLANG_CXX_LANGUAGE_STANDARD = "gnu++17";
				CLANG_CXX_LIBRARY = "libc++";
				CLANG_ENABLE_MODULES = YES;
				CLANG_ENABLE_OBJC_ARC = YES;
				CLANG_ENABLE_OBJC_WEAK = YES;
				CLANG_WARN_BLOCK_CAPTURE_AUTORELEASING = YES;
				CLANG_WARN_BOOL_CONVERSION = YES;
				CLANG_WARN_COMMA = YES;
				CLANG_WARN_CONSTANT_CONVERSION = YES;
				CLANG_WARN_DEPRECATED_OBJC_IMPLEMENTATIONS = YES;
				CLANG_WARN_DIRECT_OBJC_ISA_USAGE = YES_ERROR;
				CLANG_WARN_DOCUMENTATION_COMMENTS = YES;
				CLANG_WARN_EMPTY_BODY = YES;
				CLANG_WARN_ENUM_CONVERSION = YES;
				CLANG_WARN_INFINITE_RECURSION = YES;
				CLANG_WARN_INT_CONVERSION = YES;
				CLANG_WARN_NON_LITERAL_NULL_CONVERSION = YES;
				CLANG_WARN_OBJC_IMPLICIT_RETAIN_SELF = YES;
				CLANG_WARN_OBJC_LITERAL_CONVERSION = YES;
				CLANG_WARN_OBJC_ROOT_CLASS = YES_ERROR;
				CLANG_WARN_QUOTED_INCLUDE_IN_FRAMEWORK_HEADER = YES;
				CLANG_WARN_RANGE_LOOP_ANALYSIS = YES;
				CLANG_WARN_STRICT_PROTOTYPES = YES;
				CLANG_WARN_SUSPICIOUS_MOVE = YES;
				CLANG_WARN_UNGUARDED_AVAILABILITY = YES_AGGRESSIVE;
				CLANG_WARN_UNREACHABLE_CODE = YES;
				CLANG_WARN__DUPLICATE_METHOD_MATCH = YES;
				COPY_PHASE_STRIP = NO;
				DEBUG_INFORMATION_FORMAT = "dwarf-with-dsym";
				ENABLE_NS_ASSERTIONS = NO;
				ENABLE_STRICT_OBJC_MSGSEND = YES;
				GCC_C_LANGUAGE_STANDARD = gnu11;
				GCC_NO_COMMON_BLOCKS = YES;
				GCC_WARN_64_TO_32_BIT_CONVERSION = YES;
				GCC_WARN_ABOUT_RETURN_TYPE = YES_ERROR;
				GCC_WARN_UNDECLARED_SELECTOR = YES;
				GCC_WARN_UNINITIALIZED_AUTOS = YES_AGGRESSIVE;
				GCC_WARN_UNUSED_FUNCTION = YES;
				GCC_WARN_UNUSED_VARIABLE = YES;
				IPHONEOS_DEPLOYMENT_TARGET = 13.0;
				MTL_ENABLE_DEBUG_INFO = NO;
				MTL_FAST_MATH = YES;
				SWIFT_COMPILATION_MODE = wholemodule;
				SWIFT_OPTIMIZATION_LEVEL = "-O";
			};
			name = Release;
		};
		82CBFD102BBD9D0A00200E5B /* Debug */ = {
			isa = XCBuildConfiguration;
			buildSettings = {
				ASSETCATALOG_COMPILER_APPICON_NAME = AppIcon;
				ASSETCATALOG_COMPILER_GLOBAL_ACCENT_COLOR_NAME = AccentColor;
				CODE_SIGN_STYLE = Automatic;
				CURRENT_PROJECT_VERSION = 1;
				ENABLE_PREVIEWS = YES;
				GENERATE_INFOPLIST_FILE = YES;
				INFOPLIST_KEY_UIApplicationSceneManifest_Generation = YES;
				INFOPLIST_KEY_UIApplicationSupportsIndirectInputEvents = YES;
				INFOPLIST_KEY_UILaunchScreen_Generation = YES;
				INFOPLIST_KEY_UISupportedInterfaceOrientations_iPad = "UIInterfaceOrientationPortrait UIInterfaceOrientationPortraitUpsideDown UIInterfaceOrientationLandscapeLeft UIInterfaceOrientationLandscapeRight";
				INFOPLIST_KEY_UISupportedInterfaceOrientations_iPhone = "UIInterfaceOrientationPortrait UIInterfaceOrientationLandscapeLeft UIInterfaceOrientationLandscapeRight";
				IPHONEOS_DEPLOYMENT_TARGET = 15.2;
				LD_RUNPATH_SEARCH_PATHS = (
					"$(inherited)",
					"@executable_path/Frameworks",
				);
				MARKETING_VERSION = 1.0;
				PRODUCT_BUNDLE_IDENTIFIER = com.testetecnico.hearthstoneCards;
				PRODUCT_NAME = hearthstoneCards;
				SDKROOT = iphoneos;
				SWIFT_EMIT_LOC_STRINGS = YES;
				SWIFT_VERSION = 5.0;
				TARGETED_DEVICE_FAMILY = "1,2";
			};
			name = Debug;
		};
		82CBFD112BBD9D0A00200E5B /* Release */ = {
			isa = XCBuildConfiguration;
			buildSettings = {
				ASSETCATALOG_COMPILER_APPICON_NAME = AppIcon;
				ASSETCATALOG_COMPILER_GLOBAL_ACCENT_COLOR_NAME = AccentColor;
				CODE_SIGN_STYLE = Automatic;
				CURRENT_PROJECT_VERSION = 1;
				ENABLE_PREVIEWS = YES;
				GENERATE_INFOPLIST_FILE = YES;
				INFOPLIST_KEY_UIApplicationSceneManifest_Generation = YES;
				INFOPLIST_KEY_UIApplicationSupportsIndirectInputEvents = YES;
				INFOPLIST_KEY_UILaunchScreen_Generation = YES;
				INFOPLIST_KEY_UISupportedInterfaceOrientations_iPad = "UIInterfaceOrientationPortrait UIInterfaceOrientationPortraitUpsideDown UIInterfaceOrientationLandscapeLeft UIInterfaceOrientationLandscapeRight";
				INFOPLIST_KEY_UISupportedInterfaceOrientations_iPhone = "UIInterfaceOrientationPortrait UIInterfaceOrientationLandscapeLeft UIInterfaceOrientationLandscapeRight";
				IPHONEOS_DEPLOYMENT_TARGET = 15.2;
				LD_RUNPATH_SEARCH_PATHS = (
					"$(inherited)",
					"@executable_path/Frameworks",
				);
				MARKETING_VERSION = 1.0;
				PRODUCT_BUNDLE_IDENTIFIER = com.testetecnico.hearthstoneCards;
				PRODUCT_NAME = hearthstoneCards;
				SDKROOT = iphoneos;
				SWIFT_EMIT_LOC_STRINGS = YES;
				SWIFT_VERSION = 5.0;
				TARGETED_DEVICE_FAMILY = "1,2";
				VALIDATE_PRODUCT = YES;
			};
			name = Release;
		};
		82CBFD162BBD9D0A00200E5B /* Debug */ = {
			isa = XCBuildConfiguration;
			buildSettings = {
				ALWAYS_EMBED_SWIFT_STANDARD_LIBRARIES = YES;
				CODE_SIGN_STYLE = Automatic;
				CURRENT_PROJECT_VERSION = 1;
				GENERATE_INFOPLIST_FILE = YES;
				IPHONEOS_DEPLOYMENT_TARGET = 15.2;
				MARKETING_VERSION = 1.0;
				PRODUCT_BUNDLE_IDENTIFIER = "com.testetecnico.Tests-iOS";
				PRODUCT_NAME = "$(TARGET_NAME)";
				SDKROOT = iphoneos;
				SWIFT_EMIT_LOC_STRINGS = NO;
				SWIFT_VERSION = 5.0;
				TARGETED_DEVICE_FAMILY = "1,2";
				TEST_TARGET_NAME = "hearthstoneCards (iOS)";
			};
			name = Debug;
		};
		82CBFD172BBD9D0A00200E5B /* Release */ = {
			isa = XCBuildConfiguration;
			buildSettings = {
				ALWAYS_EMBED_SWIFT_STANDARD_LIBRARIES = YES;
				CODE_SIGN_STYLE = Automatic;
				CURRENT_PROJECT_VERSION = 1;
				GENERATE_INFOPLIST_FILE = YES;
				IPHONEOS_DEPLOYMENT_TARGET = 15.2;
				MARKETING_VERSION = 1.0;
				PRODUCT_BUNDLE_IDENTIFIER = "com.testetecnico.Tests-iOS";
				PRODUCT_NAME = "$(TARGET_NAME)";
				SDKROOT = iphoneos;
				SWIFT_EMIT_LOC_STRINGS = NO;
				SWIFT_VERSION = 5.0;
				TARGETED_DEVICE_FAMILY = "1,2";
				TEST_TARGET_NAME = "hearthstoneCards (iOS)";
				VALIDATE_PRODUCT = YES;
			};
			name = Release;
		};
/* End XCBuildConfiguration section */

/* Begin XCConfigurationList section */
		82CBFCDD2BBD9D0600200E5B /* Build configuration list for PBXProject "hearthstoneCards" */ = {
			isa = XCConfigurationList;
			buildConfigurations = (
				82CBFD0D2BBD9D0A00200E5B /* Debug */,
				82CBFD0E2BBD9D0A00200E5B /* Release */,
			);
			defaultConfigurationIsVisible = 0;
			defaultConfigurationName = Release;
		};
		82CBFD0F2BBD9D0A00200E5B /* Build configuration list for PBXNativeTarget "hearthstoneCards (iOS)" */ = {
			isa = XCConfigurationList;
			buildConfigurations = (
				82CBFD102BBD9D0A00200E5B /* Debug */,
				82CBFD112BBD9D0A00200E5B /* Release */,
			);
			defaultConfigurationIsVisible = 0;
			defaultConfigurationName = Release;
		};
		82CBFD152BBD9D0A00200E5B /* Build configuration list for PBXNativeTarget "Tests iOS" */ = {
			isa = XCConfigurationList;
			buildConfigurations = (
				82CBFD162BBD9D0A00200E5B /* Debug */,
				82CBFD172BBD9D0A00200E5B /* Release */,
			);
			defaultConfigurationIsVisible = 0;
			defaultConfigurationName = Release;
		};
/* End XCConfigurationList section */

/* Begin XCRemoteSwiftPackageReference section */
		82CBFD2B2BBDB1AF00200E5B /* XCRemoteSwiftPackageReference "Alamofire" */ = {
			isa = XCRemoteSwiftPackageReference;
			repositoryURL = "https://github.com/Alamofire/Alamofire";
			requirement = {
				kind = upToNextMajorVersion;
				minimumVersion = 5.0.0;
			};
		};
		82CBFD2E2BBDB2CF00200E5B /* XCRemoteSwiftPackageReference "PromiseKit" */ = {
			isa = XCRemoteSwiftPackageReference;
			repositoryURL = "https://github.com/mxcl/PromiseKit";
			requirement = {
				kind = upToNextMajorVersion;
				minimumVersion = 8.0.0;
			};
		};
/* End XCRemoteSwiftPackageReference section */

/* Begin XCSwiftPackageProductDependency section */
		82CBFD2C2BBDB1AF00200E5B /* Alamofire */ = {
			isa = XCSwiftPackageProductDependency;
			package = 82CBFD2B2BBDB1AF00200E5B /* XCRemoteSwiftPackageReference "Alamofire" */;
			productName = Alamofire;
		};
		82CBFD2F2BBDB2CF00200E5B /* PromiseKit */ = {
			isa = XCSwiftPackageProductDependency;
			package = 82CBFD2E2BBDB2CF00200E5B /* XCRemoteSwiftPackageReference "PromiseKit" */;
			productName = PromiseKit;
		};
/* End XCSwiftPackageProductDependency section */
	};
	rootObject = 82CBFCDA2BBD9D0600200E5B /* Project object */;
}
